
Microsoft Visual Studio Solution File, Format Version 12.00
# Visual Studio Version 17
VisualStudioVersion = 17.11.35312.102
MinimumVisualStudioVersion = 10.0.40219.1
Project("{9A19103F-16F7-4668-BE54-9A1E7A4F7556}") = "PROG6212POE", "PROG6212POE\PROG6212POE.csproj", "{B2DD7739-B7E5-478C-87D7-9F5DB4F4038B}"
EndProject
Project("{FAE04EC0-301F-11D3-BF4B-00C04F79EFBC}") = "PROGPOEUnitTests", "PROGPOEUnitTests\PROGPOEUnitTests.csproj", "{7744E22A-E941-4D75-8A33-42B058ABA712}"
EndProject
Global
	GlobalSection(SolutionConfigurationPlatforms) = preSolution
		Debug|Any CPU = Debug|Any CPU
		Release|Any CPU = Release|Any CPU
	EndGlobalSection
	GlobalSection(ProjectConfigurationPlatforms) = postSolution
		{B2DD7739-B7E5-478C-87D7-9F5DB4F4038B}.Debug|Any CPU.ActiveCfg = Debug|Any CPU
		{B2DD7739-B7E5-478C-87D7-9F5DB4F4038B}.Debug|Any CPU.Build.0 = Debug|Any CPU
		{B2DD7739-B7E5-478C-87D7-9F5DB4F4038B}.Release|Any CPU.ActiveCfg = Release|Any CPU
		{B2DD7739-B7E5-478C-87D7-9F5DB4F4038B}.Release|Any CPU.Build.0 = Release|Any CPU
		{7744E22A-E941-4D75-8A33-42B058ABA712}.Debug|Any CPU.ActiveCfg = Debug|Any CPU
		{7744E22A-E941-4D75-8A33-42B058ABA712}.Debug|Any CPU.Build.0 = Debug|Any CPU
		{7744E22A-E941-4D75-8A33-42B058ABA712}.Release|Any CPU.ActiveCfg = Release|Any CPU
		{7744E22A-E941-4D75-8A33-42B058ABA712}.Release|Any CPU.Build.0 = Release|Any CPU
	EndGlobalSection
	GlobalSection(SolutionProperties) = preSolution
		HideSolutionNode = FALSE
	EndGlobalSection
	GlobalSection(ExtensibilityGlobals) = postSolution
		SolutionGuid = {F7A027D0-4EF7-465B-9CDC-DD7292CACE3D}
	EndGlobalSection
EndGlobal
